
Microsoft Visual Studio Solution File, Format Version 12.00
# Visual Studio Version 17
VisualStudioVersion = 17.0.32126.317
MinimumVisualStudioVersion = 10.0.40219.1
Project("{FAE04EC0-301F-11D3-BF4B-00C04F79EFBC}") = "WcfTst", "WcfTst\WcfTst.csproj", "{B8DF1078-264C-4740-99B6-B691229583C2}"
EndProject
Global
	GlobalSection(SolutionConfigurationPlatforms) = preSolution
		Debug|Any CPU = Debug|Any CPU
		Release|Any CPU = Release|Any CPU
	EndGlobalSection
	GlobalSection(ProjectConfigurationPlatforms) = postSolution
		{B8DF1078-264C-4740-99B6-B691229583C2}.Debug|Any CPU.ActiveCfg = Debug|Any CPU
		{B8DF1078-264C-4740-99B6-B691229583C2}.Debug|Any CPU.Build.0 = Debug|Any CPU
		{B8DF1078-264C-4740-99B6-B691229583C2}.Release|Any CPU.ActiveCfg = Release|Any CPU
		{B8DF1078-264C-4740-99B6-B691229583C2}.Release|Any CPU.Build.0 = Release|Any CPU
	EndGlobalSection
	GlobalSection(SolutionProperties) = preSolution
		HideSolutionNode = FALSE
	EndGlobalSection
	GlobalSection(ExtensibilityGlobals) = postSolution
		SolutionGuid = {55355401-E040-429F-ABB6-42B5D9852296}
	EndGlobalSection
EndGlobal
